
Microsoft Visual Studio Solution File, Format Version 12.00
# Visual Studio Version 16
VisualStudioVersion = 16.0.30907.101
MinimumVisualStudioVersion = 10.0.40219.1
Project("{FAE04EC0-301F-11D3-BF4B-00C04F79EFBC}") = "ClassMetotDemo", "ClassMetotDemo\ClassMetotDemo.csproj", "{7619C0A3-6811-4050-AE80-D05FB6B5868C}"
EndProject
Global
	GlobalSection(SolutionConfigurationPlatforms) = preSolution
		Debug|Any CPU = Debug|Any CPU
		Release|Any CPU = Release|Any CPU
	EndGlobalSection
	GlobalSection(ProjectConfigurationPlatforms) = postSolution
		{7619C0A3-6811-4050-AE80-D05FB6B5868C}.Debug|Any CPU.ActiveCfg = Debug|Any CPU
		{7619C0A3-6811-4050-AE80-D05FB6B5868C}.Debug|Any CPU.Build.0 = Debug|Any CPU
		{7619C0A3-6811-4050-AE80-D05FB6B5868C}.Release|Any CPU.ActiveCfg = Release|Any CPU
		{7619C0A3-6811-4050-AE80-D05FB6B5868C}.Release|Any CPU.Build.0 = Release|Any CPU
	EndGlobalSection
	GlobalSection(SolutionProperties) = preSolution
		HideSolutionNode = FALSE
	EndGlobalSection
	GlobalSection(ExtensibilityGlobals) = postSolution
		SolutionGuid = {7262FD12-AEF0-4C98-BE6B-86D6B2A95CD9}
	EndGlobalSection
EndGlobal
